// !$*UTF8*$!
{
"archiveVersion" = 1;
"classes" = {

};
"objectVersion" = 56;
"objects" = {
"BD41EA6FB9D12A432951E693" = {
"isa" = "PBXFileReference";
"lastKnownFileType" = "sourcecode.swift";
"path" = "Sources/BridgeCore/ApplicationLibrary.swift";
"sourceTree" = "SOURCE_ROOT";
};
"B8FE6B3D3ECD1477D5606318" = {
"isa" = "PBXBuildFile";
"fileRef" = "BD41EA6FB9D12A432951E693";
};
"B919313574100B41750C0366" = {
"isa" = "PBXFileReference";
"lastKnownFileType" = "sourcecode.swift";
"path" = "Sources/BridgeCore/BottleManager.swift";
"sourceTree" = "SOURCE_ROOT";
};
"F368D1EC1DD4A5897395192A" = {
"isa" = "PBXBuildFile";
"fileRef" = "B919313574100B41750C0366";
};
"942BF1A3C22B76F3A10B92D8" = {
"isa" = "PBXFileReference";
"lastKnownFileType" = "sourcecode.swift";
"path" = "Sources/BridgeCore/DXVKInstaller.swift";
"sourceTree" = "SOURCE_ROOT";
};
"2DD3068CA9A0419C316745B6" = {
"isa" = "PBXBuildFile";
"fileRef" = "942BF1A3C22B76F3A10B92D8";
};
"899DB90E7477630B2095955D" = {
"isa" = "PBXFileReference";
"lastKnownFileType" = "sourcecode.swift";
"path" = "Sources/BridgeCore/DiagnosticsService.swift";
"sourceTree" = "SOURCE_ROOT";
};
"6B7F659667BD66A6E0466CA6" = {
"isa" = "PBXBuildFile";
"fileRef" = "899DB90E7477630B2095955D";
};
"DFAD88EE9B922453F10709F6" = {
"isa" = "PBXFileReference";
"lastKnownFileType" = "sourcecode.swift";
"path" = "Sources/BridgeCore/ExecutableValidator.swift";
"sourceTree" = "SOURCE_ROOT";
};
"7441251C3520C7FDB54877C7" = {
"isa" = "PBXBuildFile";
"fileRef" = "DFAD88EE9B922453F10709F6";
};
"D18B47793FF206A220EBF9A3" = {
"isa" = "PBXFileReference";
"lastKnownFileType" = "sourcecode.swift";
"path" = "Sources/BridgeCore/GraphicsManager.swift";
"sourceTree" = "SOURCE_ROOT";
};
"110006B0306B2AD8237A2E19" = {
"isa" = "PBXBuildFile";
"fileRef" = "D18B47793FF206A220EBF9A3";
};
"5EBC7447AC1A0D433A49160E" = {
"isa" = "PBXFileReference";
"lastKnownFileType" = "sourcecode.swift";
"path" = "Sources/BridgeCore/LaunchService.swift";
"sourceTree" = "SOURCE_ROOT";
};
"5652F86C32982543D07BBCBC" = {
"isa" = "PBXBuildFile";
"fileRef" = "5EBC7447AC1A0D433A49160E";
};
"00488B5174AAE0C2C376AE31" = {
"isa" = "PBXFileReference";
"lastKnownFileType" = "sourcecode.swift";
"path" = "Sources/BridgeCore/Models.swift";
"sourceTree" = "SOURCE_ROOT";
};
"5B50DAFF15675CDA31BB428F" = {
"isa" = "PBXBuildFile";
"fileRef" = "00488B5174AAE0C2C376AE31";
};
"9BB5D5EB9CBE923BA24C5018" = {
"isa" = "PBXFileReference";
"lastKnownFileType" = "sourcecode.swift";
"path" = "Sources/BridgeCore/ProcessExecutor.swift";
"sourceTree" = "SOURCE_ROOT";
};
"BA01773BF919FB0063E059E9" = {
"isa" = "PBXBuildFile";
"fileRef" = "9BB5D5EB9CBE923BA24C5018";
};
"DB5A357BD3AD0B790164A6AA" = {
"isa" = "PBXFileReference";
"lastKnownFileType" = "sourcecode.swift";
"path" = "Sources/BridgeCore/RuntimeManager.swift";
"sourceTree" = "SOURCE_ROOT";
};
"A4DBE1F102EB677DA954F41E" = {
"isa" = "PBXBuildFile";
"fileRef" = "DB5A357BD3AD0B790164A6AA";
};
"7411E6B596AF71C0B220EA36" = {
"isa" = "PBXGroup";
"name" = "BridgeCore";
"children" = (
"BD41EA6FB9D12A432951E693",
"B919313574100B41750C0366",
"942BF1A3C22B76F3A10B92D8",
"899DB90E7477630B2095955D",
"DFAD88EE9B922453F10709F6",
"D18B47793FF206A220EBF9A3",
"5EBC7447AC1A0D433A49160E",
"00488B5174AAE0C2C376AE31",
"9BB5D5EB9CBE923BA24C5018",
"DB5A357BD3AD0B790164A6AA",
);
"sourceTree" = "<group>";
};
"8CD0817795DEBCA965AE5BD9" = {
"isa" = "PBXSourcesBuildPhase";
"buildActionMask" = 2147483647;
"files" = (
"B8FE6B3D3ECD1477D5606318",
"F368D1EC1DD4A5897395192A",
"2DD3068CA9A0419C316745B6",
"6B7F659667BD66A6E0466CA6",
"7441251C3520C7FDB54877C7",
"110006B0306B2AD8237A2E19",
"5652F86C32982543D07BBCBC",
"5B50DAFF15675CDA31BB428F",
"BA01773BF919FB0063E059E9",
"A4DBE1F102EB677DA954F41E",
);
"runOnlyForDeploymentPostprocessing" = 0;
};
"D146B440D6A981AC166603F9" = {
"isa" = "PBXFileReference";
"explicitFileType" = "archive.ar";
"includeInIndex" = 0;
"path" = "libBridgeCore.a";
"sourceTree" = "BUILT_PRODUCTS_DIR";
};
"7308EA9C1966E9369D3F13A9" = {
"isa" = "PBXFileReference";
"lastKnownFileType" = "sourcecode.swift";
"path" = "Sources/BridgeApp/BridgeApp.swift";
"sourceTree" = "SOURCE_ROOT";
};
"70496031350DD4E9418A69AE" = {
"isa" = "PBXBuildFile";
"fileRef" = "7308EA9C1966E9369D3F13A9";
};
"2D9BD60BDE76A07B37244A79" = {
"isa" = "PBXFileReference";
"lastKnownFileType" = "sourcecode.swift";
"path" = "Sources/BridgeApp/BridgeModel.swift";
"sourceTree" = "SOURCE_ROOT";
};
"C8F1C2FDB5B70232CDF4A024" = {
"isa" = "PBXBuildFile";
"fileRef" = "2D9BD60BDE76A07B37244A79";
};
"3DC386010540439B0B7BE820" = {
"isa" = "PBXFileReference";
"lastKnownFileType" = "sourcecode.swift";
"path" = "Sources/BridgeApp/ContentView.swift";
"sourceTree" = "SOURCE_ROOT";
};
"B1FE707DDDB990FE403519CA" = {
"isa" = "PBXBuildFile";
"fileRef" = "3DC386010540439B0B7BE820";
};
"3C82A54646DF6B276DB1C337" = {
"isa" = "PBXFileReference";
"lastKnownFileType" = "sourcecode.swift";
"path" = "Sources/BridgeApp/StartupProbe.swift";
"sourceTree" = "SOURCE_ROOT";
};
"CDF3B4A56FADA976964523D1" = {
"isa" = "PBXBuildFile";
"fileRef" = "3C82A54646DF6B276DB1C337";
};
"222020BEEB0125AE4992AD7C" = {
"isa" = "PBXGroup";
"name" = "Bridge";
"children" = (
"7308EA9C1966E9369D3F13A9",
"2D9BD60BDE76A07B37244A79",
"3DC386010540439B0B7BE820",
"3C82A54646DF6B276DB1C337",
);
"sourceTree" = "<group>";
};
"1860BF3A7A45C00AB05942A2" = {
"isa" = "PBXSourcesBuildPhase";
"buildActionMask" = 2147483647;
"files" = (
"70496031350DD4E9418A69AE",
"C8F1C2FDB5B70232CDF4A024",
"B1FE707DDDB990FE403519CA",
"CDF3B4A56FADA976964523D1",
);
"runOnlyForDeploymentPostprocessing" = 0;
};
"13C2762F4C0626124B4A0FE5" = {
"isa" = "PBXFileReference";
"explicitFileType" = "wrapper.application";
"includeInIndex" = 0;
"path" = "Bridge.app";
"sourceTree" = "BUILT_PRODUCTS_DIR";
};
"87F9A8CBE32EDE03479853C8" = {
"isa" = "PBXFileReference";
"lastKnownFileType" = "sourcecode.swift";
"path" = "Tests/BridgeCoreTests/BridgeCoreTests.swift";
"sourceTree" = "SOURCE_ROOT";
};
"0C583476E401B86BC67E94DF" = {
"isa" = "PBXBuildFile";
"fileRef" = "87F9A8CBE32EDE03479853C8";
};
"0296F3A5065E36D94376DC08" = {
"isa" = "PBXFileReference";
"lastKnownFileType" = "sourcecode.swift";
"path" = "Tests/BridgeCoreTests/BridgeModelTests.swift";
"sourceTree" = "SOURCE_ROOT";
};
"314D21B365DE20EA9D13AFCB" = {
"isa" = "PBXBuildFile";
"fileRef" = "0296F3A5065E36D94376DC08";
};
"DAD8CEB30542F429E45B4D04" = {
"isa" = "PBXFileReference";
"lastKnownFileType" = "sourcecode.swift";
"path" = "Tests/BridgeCoreTests/DXVKInstallerTests.swift";
"sourceTree" = "SOURCE_ROOT";
};
"77ED55E2BC3BF7E444A2AC7C" = {
"isa" = "PBXBuildFile";
"fileRef" = "DAD8CEB30542F429E45B4D04";
};
"DF3F3EE22AD4E818372893AE" = {
"isa" = "PBXBuildFile";
"fileRef" = "2D9BD60BDE76A07B37244A79";
};
"8C85A9AFB3DF8EA11E1FD4D2" = {
"isa" = "PBXGroup";
"name" = "BridgeCoreTests";
"children" = (
"87F9A8CBE32EDE03479853C8",
"0296F3A5065E36D94376DC08",
"DAD8CEB30542F429E45B4D04",
"2D9BD60BDE76A07B37244A79",
);
"sourceTree" = "<group>";
};
"8B3414628E2E5267C2075EB9" = {
"isa" = "PBXSourcesBuildPhase";
"buildActionMask" = 2147483647;
"files" = (
"0C583476E401B86BC67E94DF",
"314D21B365DE20EA9D13AFCB",
"77ED55E2BC3BF7E444A2AC7C",
"DF3F3EE22AD4E818372893AE",
);
"runOnlyForDeploymentPostprocessing" = 0;
};
"F922572DF7A43297D1C54583" = {
"isa" = "PBXFileReference";
"explicitFileType" = "wrapper.cfbundle";
"includeInIndex" = 0;
"path" = "BridgeCoreTests.xctest";
"sourceTree" = "BUILT_PRODUCTS_DIR";
};
"37503AC78CF5D70B563401B4" = {
"isa" = "PBXFrameworksBuildPhase";
"buildActionMask" = 2147483647;
"files" = (

);
"runOnlyForDeploymentPostprocessing" = 0;
};
"599C7CC9DB3A515FE17BF7F8" = {
"isa" = "XCBuildConfiguration";
"buildSettings" = {
"SDKROOT" = "macosx";
"MACOSX_DEPLOYMENT_TARGET" = "14.0";
"SWIFT_VERSION" = "6.0";
"SWIFT_STRICT_CONCURRENCY" = "complete";
"ARCHS" = "arm64";
"ONLY_ACTIVE_ARCH" = "NO";
"CLANG_ENABLE_MODULES" = "YES";
"CLANG_ENABLE_OBJC_ARC" = "YES";
"SUPPORTED_PLATFORMS" = "macosx";
"CODE_SIGN_IDENTITY" = "-";
"CODE_SIGN_STYLE" = "Manual";
"ENABLE_USER_SCRIPT_SANDBOXING" = "YES";
"PRODUCT_NAME" = "$(TARGET_NAME)";
"PRODUCT_BUNDLE_IDENTIFIER" = "org.bridge-launcher.BridgeCore";
"GENERATE_INFOPLIST_FILE" = "NO";
"CURRENT_PROJECT_VERSION" = "12";
"MARKETING_VERSION" = "0.1.0";
"DEFINES_MODULE" = "YES";
"SKIP_INSTALL" = "YES";
"MACH_O_TYPE" = "staticlib";
"EXECUTABLE_PREFIX" = "lib";
"SWIFT_OPTIMIZATION_LEVEL" = "-Onone";
"ENABLE_TESTABILITY" = "YES";
"SWIFT_ACTIVE_COMPILATION_CONDITIONS" = "$(inherited) DEBUG";
};
"name" = "Debug";
};
"4466D926138BE18E4E7992F4" = {
"isa" = "XCBuildConfiguration";
"buildSettings" = {
"SDKROOT" = "macosx";
"MACOSX_DEPLOYMENT_TARGET" = "14.0";
"SWIFT_VERSION" = "6.0";
"SWIFT_STRICT_CONCURRENCY" = "complete";
"ARCHS" = "arm64";
"ONLY_ACTIVE_ARCH" = "NO";
"CLANG_ENABLE_MODULES" = "YES";
"CLANG_ENABLE_OBJC_ARC" = "YES";
"SUPPORTED_PLATFORMS" = "macosx";
"CODE_SIGN_IDENTITY" = "-";
"CODE_SIGN_STYLE" = "Manual";
"ENABLE_USER_SCRIPT_SANDBOXING" = "YES";
"PRODUCT_NAME" = "$(TARGET_NAME)";
"PRODUCT_BUNDLE_IDENTIFIER" = "org.bridge-launcher.BridgeCore";
"GENERATE_INFOPLIST_FILE" = "NO";
"CURRENT_PROJECT_VERSION" = "12";
"MARKETING_VERSION" = "0.1.0";
"DEFINES_MODULE" = "YES";
"SKIP_INSTALL" = "YES";
"MACH_O_TYPE" = "staticlib";
"EXECUTABLE_PREFIX" = "lib";
"SWIFT_OPTIMIZATION_LEVEL" = "-O";
};
"name" = "Release";
};
"40A396F6A5A4F73C2B931CA2" = {
"isa" = "XCConfigurationList";
"buildConfigurations" = (
"599C7CC9DB3A515FE17BF7F8",
"4466D926138BE18E4E7992F4",
);
"defaultConfigurationIsVisible" = 0;
"defaultConfigurationName" = "Release";
};
"A599290BF96AE3CF1A00204B" = {
"isa" = "PBXNativeTarget";
"name" = "BridgeCore";
"productName" = "BridgeCore";
"buildConfigurationList" = "40A396F6A5A4F73C2B931CA2";
"buildPhases" = (
"8CD0817795DEBCA965AE5BD9",
"37503AC78CF5D70B563401B4",
);
"buildRules" = (

);
"dependencies" = (

);
"productReference" = "D146B440D6A981AC166603F9";
"productType" = "com.apple.product-type.library.static";
};
"713D98EF959FF47D50BBB66B" = {
"isa" = "PBXBuildFile";
"fileRef" = "D146B440D6A981AC166603F9";
};
"AEE5889456BB0D9F3A814130" = {
"isa" = "PBXContainerItemProxy";
"containerPortal" = "985959785319747668373CC6";
"proxyType" = 1;
"remoteGlobalIDString" = "A599290BF96AE3CF1A00204B";
"remoteInfo" = "BridgeCore";
};
"817FFC158C15FE3A37563ACD" = {
"isa" = "PBXTargetDependency";
"target" = "A599290BF96AE3CF1A00204B";
"targetProxy" = "AEE5889456BB0D9F3A814130";
};
"2782EE5B176B2ABCF37D3BD2" = {
"isa" = "PBXFrameworksBuildPhase";
"buildActionMask" = 2147483647;
"files" = (
"713D98EF959FF47D50BBB66B",
);
"runOnlyForDeploymentPostprocessing" = 0;
};
"A8A1773BF9391056F6BDA48B" = {
"isa" = "XCBuildConfiguration";
"buildSettings" = {
"SDKROOT" = "macosx";
"MACOSX_DEPLOYMENT_TARGET" = "14.0";
"SWIFT_VERSION" = "6.0";
"SWIFT_STRICT_CONCURRENCY" = "complete";
"ARCHS" = "arm64";
"ONLY_ACTIVE_ARCH" = "NO";
"CLANG_ENABLE_MODULES" = "YES";
"CLANG_ENABLE_OBJC_ARC" = "YES";
"SUPPORTED_PLATFORMS" = "macosx";
"CODE_SIGN_IDENTITY" = "-";
"CODE_SIGN_STYLE" = "Manual";
"ENABLE_USER_SCRIPT_SANDBOXING" = "YES";
"PRODUCT_NAME" = "$(TARGET_NAME)";
"PRODUCT_BUNDLE_IDENTIFIER" = "org.bridge-launcher.Bridge";
"GENERATE_INFOPLIST_FILE" = "YES";
"CURRENT_PROJECT_VERSION" = "12";
"MARKETING_VERSION" = "0.1.0";
"LD_RUNPATH_SEARCH_PATHS" = (
"$(inherited)",
"@executable_path/../Frameworks",
"@loader_path/../Frameworks",
);
"ENABLE_APP_SANDBOX" = "NO";
"ENABLE_HARDENED_RUNTIME" = "YES";
"INFOPLIST_KEY_CFBundleDisplayName" = "Bridge";
"INFOPLIST_KEY_LSApplicationCategoryType" = "public.app-category.utilities";
"INFOPLIST_KEY_NSPrincipalClass" = "NSApplication";
"SWIFT_OPTIMIZATION_LEVEL" = "-Onone";
"ENABLE_TESTABILITY" = "YES";
"SWIFT_ACTIVE_COMPILATION_CONDITIONS" = "$(inherited) DEBUG";
};
"name" = "Debug";
};
"B097FBE8A57D2C11150CAE2D" = {
"isa" = "XCBuildConfiguration";
"buildSettings" = {
"SDKROOT" = "macosx";
"MACOSX_DEPLOYMENT_TARGET" = "14.0";
"SWIFT_VERSION" = "6.0";
"SWIFT_STRICT_CONCURRENCY" = "complete";
"ARCHS" = "arm64";
"ONLY_ACTIVE_ARCH" = "NO";
"CLANG_ENABLE_MODULES" = "YES";
"CLANG_ENABLE_OBJC_ARC" = "YES";
"SUPPORTED_PLATFORMS" = "macosx";
"CODE_SIGN_IDENTITY" = "-";
"CODE_SIGN_STYLE" = "Manual";
"ENABLE_USER_SCRIPT_SANDBOXING" = "YES";
"PRODUCT_NAME" = "$(TARGET_NAME)";
"PRODUCT_BUNDLE_IDENTIFIER" = "org.bridge-launcher.Bridge";
"GENERATE_INFOPLIST_FILE" = "YES";
"CURRENT_PROJECT_VERSION" = "12";
"MARKETING_VERSION" = "0.1.0";
"LD_RUNPATH_SEARCH_PATHS" = (
"$(inherited)",
"@executable_path/../Frameworks",
"@loader_path/../Frameworks",
);
"ENABLE_APP_SANDBOX" = "NO";
"ENABLE_HARDENED_RUNTIME" = "YES";
"INFOPLIST_KEY_CFBundleDisplayName" = "Bridge";
"INFOPLIST_KEY_LSApplicationCategoryType" = "public.app-category.utilities";
"INFOPLIST_KEY_NSPrincipalClass" = "NSApplication";
"SWIFT_OPTIMIZATION_LEVEL" = "-O";
};
"name" = "Release";
};
"B7AF3161C1F6BFAF2A5DCC17" = {
"isa" = "XCConfigurationList";
"buildConfigurations" = (
"A8A1773BF9391056F6BDA48B",
"B097FBE8A57D2C11150CAE2D",
);
"defaultConfigurationIsVisible" = 0;
"defaultConfigurationName" = "Release";
};
"6795FFC28FB0957C7588BBFE" = {
"isa" = "PBXNativeTarget";
"name" = "Bridge";
"productName" = "Bridge";
"buildConfigurationList" = "B7AF3161C1F6BFAF2A5DCC17";
"buildPhases" = (
"1860BF3A7A45C00AB05942A2",
"2782EE5B176B2ABCF37D3BD2",
);
"buildRules" = (

);
"dependencies" = (
"817FFC158C15FE3A37563ACD",
);
"productReference" = "13C2762F4C0626124B4A0FE5";
"productType" = "com.apple.product-type.application";
};
"DFC53091A9988A92A55719F9" = {
"isa" = "PBXBuildFile";
"fileRef" = "D146B440D6A981AC166603F9";
};
"9DC1CF7A13D053D7EC650E96" = {
"isa" = "PBXContainerItemProxy";
"containerPortal" = "985959785319747668373CC6";
"proxyType" = 1;
"remoteGlobalIDString" = "A599290BF96AE3CF1A00204B";
"remoteInfo" = "BridgeCore";
};
"86193A2D18A3B415F75870D9" = {
"isa" = "PBXTargetDependency";
"target" = "A599290BF96AE3CF1A00204B";
"targetProxy" = "9DC1CF7A13D053D7EC650E96";
};
"413F82E147426FCA5981E5A8" = {
"isa" = "PBXFrameworksBuildPhase";
"buildActionMask" = 2147483647;
"files" = (
"DFC53091A9988A92A55719F9",
);
"runOnlyForDeploymentPostprocessing" = 0;
};
"229FB219BBF3468897645AAF" = {
"isa" = "XCBuildConfiguration";
"buildSettings" = {
"SDKROOT" = "macosx";
"MACOSX_DEPLOYMENT_TARGET" = "14.0";
"SWIFT_VERSION" = "6.0";
"SWIFT_STRICT_CONCURRENCY" = "complete";
"ARCHS" = "arm64";
"ONLY_ACTIVE_ARCH" = "NO";
"CLANG_ENABLE_MODULES" = "YES";
"CLANG_ENABLE_OBJC_ARC" = "YES";
"SUPPORTED_PLATFORMS" = "macosx";
"CODE_SIGN_IDENTITY" = "-";
"CODE_SIGN_STYLE" = "Manual";
"ENABLE_USER_SCRIPT_SANDBOXING" = "YES";
"PRODUCT_NAME" = "$(TARGET_NAME)";
"PRODUCT_BUNDLE_IDENTIFIER" = "org.bridge-launcher.BridgeCoreTests";
"GENERATE_INFOPLIST_FILE" = "YES";
"CURRENT_PROJECT_VERSION" = "12";
"MARKETING_VERSION" = "0.1.0";
"LD_RUNPATH_SEARCH_PATHS" = (
"$(inherited)",
"@executable_path/../Frameworks",
"@loader_path/../Frameworks",
);
"SKIP_INSTALL" = "YES";
"SWIFT_ACTIVE_COMPILATION_CONDITIONS" = "$(inherited) BRIDGE_MODEL_TESTS DEBUG";
"SWIFT_OPTIMIZATION_LEVEL" = "-Onone";
"ENABLE_TESTABILITY" = "YES";
};
"name" = "Debug";
};
"E4D547B9AADAA1620FBDC56D" = {
"isa" = "XCBuildConfiguration";
"buildSettings" = {
"SDKROOT" = "macosx";
"MACOSX_DEPLOYMENT_TARGET" = "14.0";
"SWIFT_VERSION" = "6.0";
"SWIFT_STRICT_CONCURRENCY" = "complete";
"ARCHS" = "arm64";
"ONLY_ACTIVE_ARCH" = "NO";
"CLANG_ENABLE_MODULES" = "YES";
"CLANG_ENABLE_OBJC_ARC" = "YES";
"SUPPORTED_PLATFORMS" = "macosx";
"CODE_SIGN_IDENTITY" = "-";
"CODE_SIGN_STYLE" = "Manual";
"ENABLE_USER_SCRIPT_SANDBOXING" = "YES";
"PRODUCT_NAME" = "$(TARGET_NAME)";
"PRODUCT_BUNDLE_IDENTIFIER" = "org.bridge-launcher.BridgeCoreTests";
"GENERATE_INFOPLIST_FILE" = "YES";
"CURRENT_PROJECT_VERSION" = "12";
"MARKETING_VERSION" = "0.1.0";
"LD_RUNPATH_SEARCH_PATHS" = (
"$(inherited)",
"@executable_path/../Frameworks",
"@loader_path/../Frameworks",
);
"SKIP_INSTALL" = "YES";
"SWIFT_ACTIVE_COMPILATION_CONDITIONS" = "$(inherited) BRIDGE_MODEL_TESTS";
"SWIFT_OPTIMIZATION_LEVEL" = "-O";
};
"name" = "Release";
};
"9269BE6B6F0393C63EE46821" = {
"isa" = "XCConfigurationList";
"buildConfigurations" = (
"229FB219BBF3468897645AAF",
"E4D547B9AADAA1620FBDC56D",
);
"defaultConfigurationIsVisible" = 0;
"defaultConfigurationName" = "Release";
};
"17154593349BAFEE271007D9" = {
"isa" = "PBXNativeTarget";
"name" = "BridgeCoreTests";
"productName" = "BridgeCoreTests";
"buildConfigurationList" = "9269BE6B6F0393C63EE46821";
"buildPhases" = (
"8B3414628E2E5267C2075EB9",
"413F82E147426FCA5981E5A8",
);
"buildRules" = (

);
"dependencies" = (
"86193A2D18A3B415F75870D9",
);
"productReference" = "F922572DF7A43297D1C54583";
"productType" = "com.apple.product-type.bundle.unit-test";
};
"4EDC8BFAFC6BD936B849F38C" = {
"isa" = "PBXGroup";
"children" = (
"D146B440D6A981AC166603F9",
"13C2762F4C0626124B4A0FE5",
"F922572DF7A43297D1C54583",
);
"name" = "Products";
"sourceTree" = "<group>";
};
"97A63A01E61FD439E8760B8E" = {
"isa" = "PBXGroup";
"children" = (
"7411E6B596AF71C0B220EA36",
"222020BEEB0125AE4992AD7C",
"8C85A9AFB3DF8EA11E1FD4D2",
"4EDC8BFAFC6BD936B849F38C",
);
"sourceTree" = "<group>";
};
"433548979C024CC63B5F3B8D" = {
"isa" = "XCBuildConfiguration";
"buildSettings" = {
"SDKROOT" = "macosx";
"MACOSX_DEPLOYMENT_TARGET" = "14.0";
"SWIFT_VERSION" = "6.0";
"SWIFT_STRICT_CONCURRENCY" = "complete";
"ARCHS" = "arm64";
"ONLY_ACTIVE_ARCH" = "NO";
"CLANG_ENABLE_MODULES" = "YES";
"CLANG_ENABLE_OBJC_ARC" = "YES";
"SUPPORTED_PLATFORMS" = "macosx";
"CODE_SIGN_IDENTITY" = "-";
"CODE_SIGN_STYLE" = "Manual";
"ENABLE_USER_SCRIPT_SANDBOXING" = "YES";
"SWIFT_OPTIMIZATION_LEVEL" = "-Onone";
"ENABLE_TESTABILITY" = "YES";
"SWIFT_ACTIVE_COMPILATION_CONDITIONS" = "$(inherited) DEBUG";
};
"name" = "Debug";
};
"B800A40FDE6F0A0218D9BCD2" = {
"isa" = "XCBuildConfiguration";
"buildSettings" = {
"SDKROOT" = "macosx";
"MACOSX_DEPLOYMENT_TARGET" = "14.0";
"SWIFT_VERSION" = "6.0";
"SWIFT_STRICT_CONCURRENCY" = "complete";
"ARCHS" = "arm64";
"ONLY_ACTIVE_ARCH" = "NO";
"CLANG_ENABLE_MODULES" = "YES";
"CLANG_ENABLE_OBJC_ARC" = "YES";
"SUPPORTED_PLATFORMS" = "macosx";
"CODE_SIGN_IDENTITY" = "-";
"CODE_SIGN_STYLE" = "Manual";
"ENABLE_USER_SCRIPT_SANDBOXING" = "YES";
"SWIFT_OPTIMIZATION_LEVEL" = "-O";
};
"name" = "Release";
};
"67F98A53B3601D59AC990BA8" = {
"isa" = "XCConfigurationList";
"buildConfigurations" = (
"433548979C024CC63B5F3B8D",
"B800A40FDE6F0A0218D9BCD2",
);
"defaultConfigurationIsVisible" = 0;
"defaultConfigurationName" = "Release";
};
"985959785319747668373CC6" = {
"isa" = "PBXProject";
"attributes" = {
"LastUpgradeCheck" = "1600";
"LastSwiftUpdateCheck" = "1600";
"BuildIndependentTargetsInParallel" = "YES";
};
"buildConfigurationList" = "67F98A53B3601D59AC990BA8";
"compatibilityVersion" = "Xcode 14.0";
"developmentRegion" = "en";
"hasScannedForEncodings" = 0;
"knownRegions" = (
"en",
"Base",
);
"mainGroup" = "97A63A01E61FD439E8760B8E";
"productRefGroup" = "4EDC8BFAFC6BD936B849F38C";
"projectDirPath" = "";
"projectRoot" = "";
"targets" = (
"A599290BF96AE3CF1A00204B",
"6795FFC28FB0957C7588BBFE",
"17154593349BAFEE271007D9",
);
};
};
"rootObject" = "985959785319747668373CC6";
}
